
Microsoft Visual Studio Solution File, Format Version 12.00
# Visual Studio 15
VisualStudioVersion = 15.0.28010.2003
MinimumVisualStudioVersion = 10.0.40219.1
Project("{FAE04EC0-301F-11D3-BF4B-00C04F79EFBC}") = "Vidly", "Vidly\Vidly.csproj", "{EF29C0DB-F2B6-4D02-9338-1A8A58F2853A}"
EndProject
Global
	GlobalSection(SolutionConfigurationPlatforms) = preSolution
		Debug|Any CPU = Debug|Any CPU
		Release|Any CPU = Release|Any CPU
	EndGlobalSection
	GlobalSection(ProjectConfigurationPlatforms) = postSolution
		{EF29C0DB-F2B6-4D02-9338-1A8A58F2853A}.Debug|Any CPU.ActiveCfg = Debug|Any CPU
		{EF29C0DB-F2B6-4D02-9338-1A8A58F2853A}.Debug|Any CPU.Build.0 = Debug|Any CPU
		{EF29C0DB-F2B6-4D02-9338-1A8A58F2853A}.Release|Any CPU.ActiveCfg = Release|Any CPU
		{EF29C0DB-F2B6-4D02-9338-1A8A58F2853A}.Release|Any CPU.Build.0 = Release|Any CPU
	EndGlobalSection
	GlobalSection(SolutionProperties) = preSolution
		HideSolutionNode = FALSE
	EndGlobalSection
	GlobalSection(ExtensibilityGlobals) = postSolution
		SolutionGuid = {075F3849-0570-4E11-A3D0-F8DFEC7CADE9}
	EndGlobalSection
EndGlobal
